
Microsoft Visual Studio Solution File, Format Version 12.00
# Visual Studio Version 16
VisualStudioVersion = 16.0.32901.82
MinimumVisualStudioVersion = 10.0.40219.1
Project("{FAE04EC0-301F-11D3-BF4B-00C04F79EFBC}") = "Zadanie1Practic4", "Zadanie1Practic4\Zadanie1Practic4.csproj", "{2E8D2A07-2AB0-4D49-909F-725D01F54193}"
EndProject
Global
	GlobalSection(SolutionConfigurationPlatforms) = preSolution
		Debug|Any CPU = Debug|Any CPU
		Release|Any CPU = Release|Any CPU
	EndGlobalSection
	GlobalSection(ProjectConfigurationPlatforms) = postSolution
		{2E8D2A07-2AB0-4D49-909F-725D01F54193}.Debug|Any CPU.ActiveCfg = Debug|Any CPU
		{2E8D2A07-2AB0-4D49-909F-725D01F54193}.Debug|Any CPU.Build.0 = Debug|Any CPU
		{2E8D2A07-2AB0-4D49-909F-725D01F54193}.Release|Any CPU.ActiveCfg = Release|Any CPU
		{2E8D2A07-2AB0-4D49-909F-725D01F54193}.Release|Any CPU.Build.0 = Release|Any CPU
	EndGlobalSection
	GlobalSection(SolutionProperties) = preSolution
		HideSolutionNode = FALSE
	EndGlobalSection
	GlobalSection(ExtensibilityGlobals) = postSolution
		SolutionGuid = {D256226F-6160-450D-AA0B-42DBB93E059B}
	EndGlobalSection
EndGlobal
