
Microsoft Visual Studio Solution File, Format Version 12.00
# Visual Studio Version 16
VisualStudioVersion = 16.0.32901.82
MinimumVisualStudioVersion = 10.0.40219.1
Project("{FAE04EC0-301F-11D3-BF4B-00C04F79EFBC}") = "Dop1Practic4", "Dop1Practic4\Dop1Practic4.csproj", "{0C4F2A69-DB91-4E84-92EF-4F61B486D5C0}"
EndProject
Global
	GlobalSection(SolutionConfigurationPlatforms) = preSolution
		Debug|Any CPU = Debug|Any CPU
		Release|Any CPU = Release|Any CPU
	EndGlobalSection
	GlobalSection(ProjectConfigurationPlatforms) = postSolution
		{0C4F2A69-DB91-4E84-92EF-4F61B486D5C0}.Debug|Any CPU.ActiveCfg = Debug|Any CPU
		{0C4F2A69-DB91-4E84-92EF-4F61B486D5C0}.Debug|Any CPU.Build.0 = Debug|Any CPU
		{0C4F2A69-DB91-4E84-92EF-4F61B486D5C0}.Release|Any CPU.ActiveCfg = Release|Any CPU
		{0C4F2A69-DB91-4E84-92EF-4F61B486D5C0}.Release|Any CPU.Build.0 = Release|Any CPU
	EndGlobalSection
	GlobalSection(SolutionProperties) = preSolution
		HideSolutionNode = FALSE
	EndGlobalSection
	GlobalSection(ExtensibilityGlobals) = postSolution
		SolutionGuid = {171B8AF3-5A1F-46E8-B5A8-3458443AC043}
	EndGlobalSection
EndGlobal
